
Microsoft Visual Studio Solution File, Format Version 12.00
# Visual Studio Version 17
VisualStudioVersion = 17.13.35919.96
MinimumVisualStudioVersion = 10.0.40219.1
Project("{FAE04EC0-301F-11D3-BF4B-00C04F79EFBC}") = "Server", "Server\Server.csproj", "{3461765F-60A1-21BC-764E-FC799869FE2F}"
EndProject
Project("{2150E333-8FDC-42A3-9474-1A3956D46DE8}") = "DocFx", "DocFx", "{02EA681E-C7D8-13C7-8484-4AC65E1B71E8}"
	ProjectSection(SolutionItems) = preProject
		..\..\docfx.json = ..\..\docfx.json
		..\..\index.md = ..\..\index.md
		..\..\toc.yml = ..\..\toc.yml
	EndProjectSection
EndProject
Project("{2150E333-8FDC-42A3-9474-1A3956D46DE8}") = "Docs", "Docs", "{73EF09C1-3E34-4DEF-A8B7-15F21EB2BE4A}"
	ProjectSection(SolutionItems) = preProject
		..\..\docs\docfx.md = ..\..\docs\docfx.md
		..\..\docs\fastendpoints.md = ..\..\docs\fastendpoints.md
		..\..\docs\getting-started.md = ..\..\docs\getting-started.md
		..\..\docs\introduction.md = ..\..\docs\introduction.md
		..\..\docs\toc.yml = ..\..\docs\toc.yml
	EndProjectSection
EndProject
Project("{2150E333-8FDC-42A3-9474-1A3956D46DE8}") = "Modules", "Modules", "{F4D8E20E-B5D4-4026-BCCD-0F5D5298D07D}"
EndProject
Project("{FAE04EC0-301F-11D3-BF4B-00C04F79EFBC}") = "Server.Module.Framework", "Server.Module.Framework\Server.Module.Framework.csproj", "{D2C9854D-24BB-0FBD-09AF-A52FF8516FFA}"
EndProject
Project("{FAE04EC0-301F-11D3-BF4B-00C04F79EFBC}") = "AppHost", "..\AppHost\AppHost.csproj", "{F3D3DC06-4EC0-27CF-E6EF-BE80B364D9CC}"
EndProject
Project("{FAE04EC0-301F-11D3-BF4B-00C04F79EFBC}") = "Server.Products.Application", "Modules\Products\Server.Products.Application\Server.Products.Application.csproj", "{E17BA634-91BA-45D5-87E8-3B9A9866F310}"
EndProject
Project("{FAE04EC0-301F-11D3-BF4B-00C04F79EFBC}") = "Server.Products.Contracts", "Modules\Products\Server.Products.Contracts\Server.Products.Contracts.csproj", "{1452F491-6767-453F-ACA0-E5A977A8A3F1}"
EndProject
Project("{FAE04EC0-301F-11D3-BF4B-00C04F79EFBC}") = "Server.Products.Domain", "Modules\Products\Server.Products.Domain\Server.Products.Domain.csproj", "{19A9F7AB-3E06-4A8D-A472-E0E97A34C892}"
EndProject
Project("{FAE04EC0-301F-11D3-BF4B-00C04F79EFBC}") = "Server.Products.EndPoints", "Modules\Products\Server.Products.EndPoints\Server.Products.EndPoints.csproj", "{2041D813-9A0E-4E74-9DFB-4D8997A56EE0}"
EndProject
Project("{FAE04EC0-301F-11D3-BF4B-00C04F79EFBC}") = "Server.Products.Infrastructure", "Modules\Products\Server.Products.Infrastructure\Server.Products.Infrastructure.csproj", "{138FA949-2E35-4FA9-8BDE-7FF53B1ACA9F}"
EndProject
Project("{FAE04EC0-301F-11D3-BF4B-00C04F79EFBC}") = "Server.Products.Module", "Modules\Products\Server.Products.Module\Server.Products.Module.csproj", "{6C93CD80-53F9-41FE-B908-FFCBD61A242F}"
EndProject
Global
	GlobalSection(SolutionConfigurationPlatforms) = preSolution
		Debug|Any CPU = Debug|Any CPU
		Release|Any CPU = Release|Any CPU
	EndGlobalSection
	GlobalSection(ProjectConfigurationPlatforms) = postSolution
		{3461765F-60A1-21BC-764E-FC799869FE2F}.Debug|Any CPU.ActiveCfg = Debug|Any CPU
		{3461765F-60A1-21BC-764E-FC799869FE2F}.Debug|Any CPU.Build.0 = Debug|Any CPU
		{3461765F-60A1-21BC-764E-FC799869FE2F}.Release|Any CPU.ActiveCfg = Release|Any CPU
		{3461765F-60A1-21BC-764E-FC799869FE2F}.Release|Any CPU.Build.0 = Release|Any CPU
		{D2C9854D-24BB-0FBD-09AF-A52FF8516FFA}.Debug|Any CPU.ActiveCfg = Debug|Any CPU
		{D2C9854D-24BB-0FBD-09AF-A52FF8516FFA}.Debug|Any CPU.Build.0 = Debug|Any CPU
		{D2C9854D-24BB-0FBD-09AF-A52FF8516FFA}.Release|Any CPU.ActiveCfg = Release|Any CPU
		{D2C9854D-24BB-0FBD-09AF-A52FF8516FFA}.Release|Any CPU.Build.0 = Release|Any CPU
		{F3D3DC06-4EC0-27CF-E6EF-BE80B364D9CC}.Debug|Any CPU.ActiveCfg = Debug|Any CPU
		{F3D3DC06-4EC0-27CF-E6EF-BE80B364D9CC}.Debug|Any CPU.Build.0 = Debug|Any CPU
		{F3D3DC06-4EC0-27CF-E6EF-BE80B364D9CC}.Release|Any CPU.ActiveCfg = Release|Any CPU
		{F3D3DC06-4EC0-27CF-E6EF-BE80B364D9CC}.Release|Any CPU.Build.0 = Release|Any CPU
		{E17BA634-91BA-45D5-87E8-3B9A9866F310}.Debug|Any CPU.ActiveCfg = Debug|Any CPU
		{E17BA634-91BA-45D5-87E8-3B9A9866F310}.Debug|Any CPU.Build.0 = Debug|Any CPU
		{E17BA634-91BA-45D5-87E8-3B9A9866F310}.Release|Any CPU.ActiveCfg = Release|Any CPU
		{E17BA634-91BA-45D5-87E8-3B9A9866F310}.Release|Any CPU.Build.0 = Release|Any CPU
		{1452F491-6767-453F-ACA0-E5A977A8A3F1}.Debug|Any CPU.ActiveCfg = Debug|Any CPU
		{1452F491-6767-453F-ACA0-E5A977A8A3F1}.Debug|Any CPU.Build.0 = Debug|Any CPU
		{1452F491-6767-453F-ACA0-E5A977A8A3F1}.Release|Any CPU.ActiveCfg = Release|Any CPU
		{1452F491-6767-453F-ACA0-E5A977A8A3F1}.Release|Any CPU.Build.0 = Release|Any CPU
		{19A9F7AB-3E06-4A8D-A472-E0E97A34C892}.Debug|Any CPU.ActiveCfg = Debug|Any CPU
		{19A9F7AB-3E06-4A8D-A472-E0E97A34C892}.Debug|Any CPU.Build.0 = Debug|Any CPU
		{19A9F7AB-3E06-4A8D-A472-E0E97A34C892}.Release|Any CPU.ActiveCfg = Release|Any CPU
		{19A9F7AB-3E06-4A8D-A472-E0E97A34C892}.Release|Any CPU.Build.0 = Release|Any CPU
		{2041D813-9A0E-4E74-9DFB-4D8997A56EE0}.Debug|Any CPU.ActiveCfg = Debug|Any CPU
		{2041D813-9A0E-4E74-9DFB-4D8997A56EE0}.Debug|Any CPU.Build.0 = Debug|Any CPU
		{2041D813-9A0E-4E74-9DFB-4D8997A56EE0}.Release|Any CPU.ActiveCfg = Release|Any CPU
		{2041D813-9A0E-4E74-9DFB-4D8997A56EE0}.Release|Any CPU.Build.0 = Release|Any CPU
		{138FA949-2E35-4FA9-8BDE-7FF53B1ACA9F}.Debug|Any CPU.ActiveCfg = Debug|Any CPU
		{138FA949-2E35-4FA9-8BDE-7FF53B1ACA9F}.Debug|Any CPU.Build.0 = Debug|Any CPU
		{138FA949-2E35-4FA9-8BDE-7FF53B1ACA9F}.Release|Any CPU.ActiveCfg = Release|Any CPU
		{138FA949-2E35-4FA9-8BDE-7FF53B1ACA9F}.Release|Any CPU.Build.0 = Release|Any CPU
		{6C93CD80-53F9-41FE-B908-FFCBD61A242F}.Debug|Any CPU.ActiveCfg = Debug|Any CPU
		{6C93CD80-53F9-41FE-B908-FFCBD61A242F}.Debug|Any CPU.Build.0 = Debug|Any CPU
		{6C93CD80-53F9-41FE-B908-FFCBD61A242F}.Release|Any CPU.ActiveCfg = Release|Any CPU
		{6C93CD80-53F9-41FE-B908-FFCBD61A242F}.Release|Any CPU.Build.0 = Release|Any CPU
	EndGlobalSection
	GlobalSection(SolutionProperties) = preSolution
		HideSolutionNode = FALSE
	EndGlobalSection
	GlobalSection(NestedProjects) = preSolution
		{73EF09C1-3E34-4DEF-A8B7-15F21EB2BE4A} = {02EA681E-C7D8-13C7-8484-4AC65E1B71E8}
		{D2C9854D-24BB-0FBD-09AF-A52FF8516FFA} = {F4D8E20E-B5D4-4026-BCCD-0F5D5298D07D}
		{E17BA634-91BA-45D5-87E8-3B9A9866F310} = {F4D8E20E-B5D4-4026-BCCD-0F5D5298D07D}
		{1452F491-6767-453F-ACA0-E5A977A8A3F1} = {F4D8E20E-B5D4-4026-BCCD-0F5D5298D07D}
		{19A9F7AB-3E06-4A8D-A472-E0E97A34C892} = {F4D8E20E-B5D4-4026-BCCD-0F5D5298D07D}
		{2041D813-9A0E-4E74-9DFB-4D8997A56EE0} = {F4D8E20E-B5D4-4026-BCCD-0F5D5298D07D}
		{138FA949-2E35-4FA9-8BDE-7FF53B1ACA9F} = {F4D8E20E-B5D4-4026-BCCD-0F5D5298D07D}
		{6C93CD80-53F9-41FE-B908-FFCBD61A242F} = {F4D8E20E-B5D4-4026-BCCD-0F5D5298D07D}
	EndGlobalSection
	GlobalSection(ExtensibilityGlobals) = postSolution
		SolutionGuid = {E4FA43CA-F36F-48C1-A932-05D7F19DBE35}
	EndGlobalSection
EndGlobal
