
Microsoft Visual Studio Solution File, Format Version 12.00
# Visual Studio Version 17
VisualStudioVersion = 17.13.35919.96
MinimumVisualStudioVersion = 10.0.40219.1
Project("{FAE04EC0-301F-11D3-BF4B-00C04F79EFBC}") = "Server", "Server\Server.csproj", "{3461765F-60A1-21BC-764E-FC799869FE2F}"
EndProject
Project("{2150E333-8FDC-42A3-9474-1A3956D46DE8}") = "DocFx", "DocFx", "{02EA681E-C7D8-13C7-8484-4AC65E1B71E8}"
	ProjectSection(SolutionItems) = preProject
		..\..\docfx.json = ..\..\docfx.json
		..\..\index.md = ..\..\index.md
		..\..\toc.yml = ..\..\toc.yml
	EndProjectSection
EndProject
Project("{2150E333-8FDC-42A3-9474-1A3956D46DE8}") = "Docs", "Docs", "{73EF09C1-3E34-4DEF-A8B7-15F21EB2BE4A}"
	ProjectSection(SolutionItems) = preProject
		..\..\docs\docfx.md = ..\..\docs\docfx.md
		..\..\docs\fastendpoints.md = ..\..\docs\fastendpoints.md
		..\..\docs\getting-started.md = ..\..\docs\getting-started.md
		..\..\docs\introduction.md = ..\..\docs\introduction.md
		..\..\docs\toc.yml = ..\..\docs\toc.yml
	EndProjectSection
EndProject
Project("{2150E333-8FDC-42A3-9474-1A3956D46DE8}") = "Modules", "Modules", "{F4D8E20E-B5D4-4026-BCCD-0F5D5298D07D}"
EndProject
Project("{FAE04EC0-301F-11D3-BF4B-00C04F79EFBC}") = "AppHost", "..\AppHost\AppHost.csproj", "{F3D3DC06-4EC0-27CF-E6EF-BE80B364D9CC}"
EndProject
Project("{FAE04EC0-301F-11D3-BF4B-00C04F79EFBC}") = "Server.Loan.Application", "Modules\Loan\Server.Loan.Application\Server.Loan.Application.csproj", "{089C523D-FB91-4C24-8508-230D12F2282A}"
EndProject
Project("{FAE04EC0-301F-11D3-BF4B-00C04F79EFBC}") = "Server.Loan.Contracts", "Modules\Loan\Server.Loan.Contracts\Server.Loan.Contracts.csproj", "{57C61DEF-1172-412D-A5DA-27B6D52544F0}"
EndProject
Project("{FAE04EC0-301F-11D3-BF4B-00C04F79EFBC}") = "Server.Loan.Domain", "Modules\Loan\Server.Loan.Domain\Server.Loan.Domain.csproj", "{FA487727-B061-40FB-A945-0892C0B925EE}"
EndProject
Project("{FAE04EC0-301F-11D3-BF4B-00C04F79EFBC}") = "Server.Loan.EndPoints", "Modules\Loan\Server.Loan.EndPoints\Server.Loan.EndPoints.csproj", "{31B861FC-1F10-4665-9B5A-33D399301A53}"
EndProject
Project("{FAE04EC0-301F-11D3-BF4B-00C04F79EFBC}") = "Server.Loan.Infrastructure", "Modules\Loan\Server.Loan.Infrastructure\Server.Loan.Infrastructure.csproj", "{C872AC0D-1C03-45B5-B37A-D8E5405CA0A7}"
EndProject
Project("{FAE04EC0-301F-11D3-BF4B-00C04F79EFBC}") = "Server.Loan.Module", "Modules\Loan\Server.Loan.Module\Server.Loan.Module.csproj", "{AA695C9A-0960-440A-8D45-D05F828ADDF9}"
EndProject
Project("{2150E333-8FDC-42A3-9474-1A3956D46DE8}") = "Loan", "Loan", "{469522F7-FB81-4491-92FD-D3D5ADEA4935}"
EndProject
Project("{FAE04EC0-301F-11D3-BF4B-00C04F79EFBC}") = "Server.Module.Framework", "Server.Module.Framework\Server.Module.Framework.csproj", "{D2C9854D-24BB-0FBD-09AF-A52FF8516FFA}"
EndProject
Global
	GlobalSection(SolutionConfigurationPlatforms) = preSolution
		Debug|Any CPU = Debug|Any CPU
		Release|Any CPU = Release|Any CPU
	EndGlobalSection
	GlobalSection(ProjectConfigurationPlatforms) = postSolution
		{3461765F-60A1-21BC-764E-FC799869FE2F}.Debug|Any CPU.ActiveCfg = Debug|Any CPU
		{3461765F-60A1-21BC-764E-FC799869FE2F}.Debug|Any CPU.Build.0 = Debug|Any CPU
		{3461765F-60A1-21BC-764E-FC799869FE2F}.Release|Any CPU.ActiveCfg = Release|Any CPU
		{3461765F-60A1-21BC-764E-FC799869FE2F}.Release|Any CPU.Build.0 = Release|Any CPU
		{F3D3DC06-4EC0-27CF-E6EF-BE80B364D9CC}.Debug|Any CPU.ActiveCfg = Debug|Any CPU
		{F3D3DC06-4EC0-27CF-E6EF-BE80B364D9CC}.Debug|Any CPU.Build.0 = Debug|Any CPU
		{F3D3DC06-4EC0-27CF-E6EF-BE80B364D9CC}.Release|Any CPU.ActiveCfg = Release|Any CPU
		{F3D3DC06-4EC0-27CF-E6EF-BE80B364D9CC}.Release|Any CPU.Build.0 = Release|Any CPU
		{089C523D-FB91-4C24-8508-230D12F2282A}.Debug|Any CPU.ActiveCfg = Debug|Any CPU
		{089C523D-FB91-4C24-8508-230D12F2282A}.Debug|Any CPU.Build.0 = Debug|Any CPU
		{089C523D-FB91-4C24-8508-230D12F2282A}.Release|Any CPU.ActiveCfg = Release|Any CPU
		{089C523D-FB91-4C24-8508-230D12F2282A}.Release|Any CPU.Build.0 = Release|Any CPU
		{57C61DEF-1172-412D-A5DA-27B6D52544F0}.Debug|Any CPU.ActiveCfg = Debug|Any CPU
		{57C61DEF-1172-412D-A5DA-27B6D52544F0}.Debug|Any CPU.Build.0 = Debug|Any CPU
		{57C61DEF-1172-412D-A5DA-27B6D52544F0}.Release|Any CPU.ActiveCfg = Release|Any CPU
		{57C61DEF-1172-412D-A5DA-27B6D52544F0}.Release|Any CPU.Build.0 = Release|Any CPU
		{FA487727-B061-40FB-A945-0892C0B925EE}.Debug|Any CPU.ActiveCfg = Debug|Any CPU
		{FA487727-B061-40FB-A945-0892C0B925EE}.Debug|Any CPU.Build.0 = Debug|Any CPU
		{FA487727-B061-40FB-A945-0892C0B925EE}.Release|Any CPU.ActiveCfg = Release|Any CPU
		{FA487727-B061-40FB-A945-0892C0B925EE}.Release|Any CPU.Build.0 = Release|Any CPU
		{31B861FC-1F10-4665-9B5A-33D399301A53}.Debug|Any CPU.ActiveCfg = Debug|Any CPU
		{31B861FC-1F10-4665-9B5A-33D399301A53}.Debug|Any CPU.Build.0 = Debug|Any CPU
		{31B861FC-1F10-4665-9B5A-33D399301A53}.Release|Any CPU.ActiveCfg = Release|Any CPU
		{31B861FC-1F10-4665-9B5A-33D399301A53}.Release|Any CPU.Build.0 = Release|Any CPU
		{C872AC0D-1C03-45B5-B37A-D8E5405CA0A7}.Debug|Any CPU.ActiveCfg = Debug|Any CPU
		{C872AC0D-1C03-45B5-B37A-D8E5405CA0A7}.Debug|Any CPU.Build.0 = Debug|Any CPU
		{C872AC0D-1C03-45B5-B37A-D8E5405CA0A7}.Release|Any CPU.ActiveCfg = Release|Any CPU
		{C872AC0D-1C03-45B5-B37A-D8E5405CA0A7}.Release|Any CPU.Build.0 = Release|Any CPU
		{AA695C9A-0960-440A-8D45-D05F828ADDF9}.Debug|Any CPU.ActiveCfg = Debug|Any CPU
		{AA695C9A-0960-440A-8D45-D05F828ADDF9}.Debug|Any CPU.Build.0 = Debug|Any CPU
		{AA695C9A-0960-440A-8D45-D05F828ADDF9}.Release|Any CPU.ActiveCfg = Release|Any CPU
		{AA695C9A-0960-440A-8D45-D05F828ADDF9}.Release|Any CPU.Build.0 = Release|Any CPU
		{D2C9854D-24BB-0FBD-09AF-A52FF8516FFA}.Debug|Any CPU.ActiveCfg = Debug|Any CPU
		{D2C9854D-24BB-0FBD-09AF-A52FF8516FFA}.Debug|Any CPU.Build.0 = Debug|Any CPU
		{D2C9854D-24BB-0FBD-09AF-A52FF8516FFA}.Release|Any CPU.ActiveCfg = Release|Any CPU
		{D2C9854D-24BB-0FBD-09AF-A52FF8516FFA}.Release|Any CPU.Build.0 = Release|Any CPU
	EndGlobalSection
	GlobalSection(SolutionProperties) = preSolution
		HideSolutionNode = FALSE
	EndGlobalSection
	GlobalSection(NestedProjects) = preSolution
		{73EF09C1-3E34-4DEF-A8B7-15F21EB2BE4A} = {02EA681E-C7D8-13C7-8484-4AC65E1B71E8}
		{089C523D-FB91-4C24-8508-230D12F2282A} = {469522F7-FB81-4491-92FD-D3D5ADEA4935}
		{57C61DEF-1172-412D-A5DA-27B6D52544F0} = {469522F7-FB81-4491-92FD-D3D5ADEA4935}
		{FA487727-B061-40FB-A945-0892C0B925EE} = {469522F7-FB81-4491-92FD-D3D5ADEA4935}
		{31B861FC-1F10-4665-9B5A-33D399301A53} = {469522F7-FB81-4491-92FD-D3D5ADEA4935}
		{C872AC0D-1C03-45B5-B37A-D8E5405CA0A7} = {469522F7-FB81-4491-92FD-D3D5ADEA4935}
		{AA695C9A-0960-440A-8D45-D05F828ADDF9} = {469522F7-FB81-4491-92FD-D3D5ADEA4935}
		{469522F7-FB81-4491-92FD-D3D5ADEA4935} = {F4D8E20E-B5D4-4026-BCCD-0F5D5298D07D}
	EndGlobalSection
	GlobalSection(ExtensibilityGlobals) = postSolution
		SolutionGuid = {E4FA43CA-F36F-48C1-A932-05D7F19DBE35}
	EndGlobalSection
EndGlobal
